// !$*UTF8*$!
{
	archiveVersion = 1;
	classes = {
	};
	objectVersion = 46;
	objects = {

/* Begin PBXAggregateTarget section */
		2D31D4FB4F3D4F4BB22BA5CD /* ALL_BUILD */ = {
			isa = PBXAggregateTarget;
			buildConfigurationList = 8A93C5C160134696A39A7898 /* Build configuration list for PBXAggregateTarget "ALL_BUILD" */;
			buildPhases = (
				F85DA56663EE42FC895E3EA5 /* CMake Rules */,
			);
			dependencies = (
				BE9EE95C188D437380B960F2 /* PBXTargetDependency */,
				71B86F70B6F6455EAC0B7EA6 /* PBXTargetDependency */,
			);
			name = ALL_BUILD;
			productName = ALL_BUILD;
		};
		5E57B8B9A69F4A47939F4CA7 /* ZERO_CHECK */ = {
			isa = PBXAggregateTarget;
			buildConfigurationList = D7905DD28640409FA4C019ED /* Build configuration list for PBXAggregateTarget "ZERO_CHECK" */;
			buildPhases = (
				DB873114BB96493C8D6FDA79 /* CMake Rules */,
			);
			dependencies = (
			);
			name = ZERO_CHECK;
			productName = ZERO_CHECK;
		};
/* End PBXAggregateTarget section */

/* Begin PBXBuildFile section */
		2CCACF98704B43AA87015188 /* /Users/sanchezp/Personal/CarND/CarND-Catch-Run-Away-Car-UKF/src/ukf.cpp */ = {isa = PBXBuildFile; fileRef = 44E70068B79447B3B363EFE6 /* /Users/sanchezp/Personal/CarND/CarND-Catch-Run-Away-Car-UKF/src/ukf.cpp */; };
		5A07336D9D36406783AB29B6 /* /Users/sanchezp/Personal/CarND/CarND-Catch-Run-Away-Car-UKF/src/main.cpp */ = {isa = PBXBuildFile; fileRef = D57EC1FFA2334D399311D613 /* /Users/sanchezp/Personal/CarND/CarND-Catch-Run-Away-Car-UKF/src/main.cpp */; };
		7CAD80816ECC4DEBA1294963 /* /Users/sanchezp/Personal/CarND/CarND-Catch-Run-Away-Car-UKF/CMakeLists.txt */ = {isa = PBXBuildFile; fileRef = 6667904782844D5AAEAA4E45 /* /Users/sanchezp/Personal/CarND/CarND-Catch-Run-Away-Car-UKF/CMakeLists.txt */; };
/* End PBXBuildFile section */

/* Begin PBXBuildStyle section */
		1C6F70E5B44F49AD91E8D141 /* Release */ = {
			isa = PBXBuildStyle;
			buildSettings = {
				COPY_PHASE_STRIP = NO;
			};
			name = Release;
		};
		7631154379F6465DB933039E = {
			isa = PBXBuildStyle;
		};
		A8B2240F6E694BF2B1853773 /* RelWithDebInfo */ = {
			isa = PBXBuildStyle;
			buildSettings = {
				COPY_PHASE_STRIP = NO;
			};
			name = RelWithDebInfo;
		};
		ABDC0A834E354A1691B90091 /* Debug */ = {
			isa = PBXBuildStyle;
			buildSettings = {
				COPY_PHASE_STRIP = NO;
			};
			name = Debug;
		};
		B0E5563B716D4B6787BEBC7F /* MinSizeRel */ = {
			isa = PBXBuildStyle;
			buildSettings = {
				COPY_PHASE_STRIP = NO;
			};
			name = MinSizeRel;
		};
/* End PBXBuildStyle section */

/* Begin PBXContainerItemProxy section */
		95A364FB6B2D4BA9B17DBFF6 /* PBXContainerItemProxy */ = {
			isa = PBXContainerItemProxy;
			containerPortal = 6B816108EE1D4E2C8DCA4106 /* Project object */;
			proxyType = 1;
			remoteGlobalIDString = 5E57B8B9A69F4A47939F4CA7;
			remoteInfo = ZERO_CHECK;
		};
		CEDADE12D3F045A9BBE79F3A /* PBXContainerItemProxy */ = {
			isa = PBXContainerItemProxy;
			containerPortal = 6B816108EE1D4E2C8DCA4106 /* Project object */;
			proxyType = 1;
			remoteGlobalIDString = 5E57B8B9A69F4A47939F4CA7;
			remoteInfo = ZERO_CHECK;
		};
		F5CEC02D9E084B42BDB63826 /* PBXContainerItemProxy */ = {
			isa = PBXContainerItemProxy;
			containerPortal = 6B816108EE1D4E2C8DCA4106 /* Project object */;
			proxyType = 1;
			remoteGlobalIDString = FBEB4E4A08B9498C9A004634;
			remoteInfo = UnscentedKF;
		};
/* End PBXContainerItemProxy section */

/* Begin PBXFileReference section */
		1D6119C472864907A0E1BEE2 /* /Users/sanchezp/Personal/CarND/CarND-Catch-Run-Away-Car-UKF/CMakeLists.txt */ = {isa = PBXFileReference; explicitFileType = sourcecode.text; fileEncoding = 4; name = CMakeLists.txt; path = CMakeLists.txt; sourceTree = SOURCE_ROOT; };
		44E70068B79447B3B363EFE6 /* /Users/sanchezp/Personal/CarND/CarND-Catch-Run-Away-Car-UKF/src/ukf.cpp */ = {isa = PBXFileReference; explicitFileType = sourcecode.cpp.cpp; fileEncoding = 4; name = ukf.cpp; path = src/ukf.cpp; sourceTree = SOURCE_ROOT; };
		6667904782844D5AAEAA4E45 /* /Users/sanchezp/Personal/CarND/CarND-Catch-Run-Away-Car-UKF/CMakeLists.txt */ = {isa = PBXFileReference; explicitFileType = sourcecode.text; fileEncoding = 4; name = CMakeLists.txt; path = CMakeLists.txt; sourceTree = SOURCE_ROOT; };
		A0E99651E9C64CC598A82CA2 /* /Users/sanchezp/Personal/CarND/CarND-Catch-Run-Away-Car-UKF/CMakeLists.txt */ = {isa = PBXFileReference; explicitFileType = sourcecode.text; fileEncoding = 4; name = CMakeLists.txt; path = CMakeLists.txt; sourceTree = SOURCE_ROOT; };
		D57EC1FFA2334D399311D613 /* /Users/sanchezp/Personal/CarND/CarND-Catch-Run-Away-Car-UKF/src/main.cpp */ = {isa = PBXFileReference; explicitFileType = sourcecode.cpp.cpp; fileEncoding = 4; name = main.cpp; path = src/main.cpp; sourceTree = SOURCE_ROOT; };
		E90E18A3A4A2468CBC4AB13E /* UnscentedKF */ = {isa = PBXFileReference; explicitFileType = "compiled.mach-o.executable"; path = UnscentedKF; sourceTree = BUILT_PRODUCTS_DIR; };
/* End PBXFileReference section */

/* Begin PBXGroup section */
		15C2BF068ADB4FA38775240E /* CMake Rules */ = {
			isa = PBXGroup;
			children = (
			);
			name = "CMake Rules";
			sourceTree = "<group>";
		};
		219425E60D48474A9B5E80C1 /* CMake Rules */ = {
			isa = PBXGroup;
			children = (
			);
			name = "CMake Rules";
			sourceTree = "<group>";
		};
		45CF287617224164B5BE5FE3 = {
			isa = PBXGroup;
			children = (
				4A0F46F2D5D242D294EFA77B /* Sources */,
				FE1682CBDE234C05A40CBE0B /* Resources */,
				A349C85991CB45098B3F681E /* Products */,
			);
			sourceTree = "<group>";
		};
		4A0F46F2D5D242D294EFA77B /* Sources */ = {
			isa = PBXGroup;
			children = (
				EA1328E75A25483DAC8508F0 /* UnscentedKF */,
				84A2C32B030945EA86DEEE58 /* ALL_BUILD */,
				967693CF8E9D4C6DB6331655 /* ZERO_CHECK */,
			);
			name = Sources;
			sourceTree = "<group>";
		};
		84A2C32B030945EA86DEEE58 /* ALL_BUILD */ = {
			isa = PBXGroup;
			children = (
				15C2BF068ADB4FA38775240E /* CMake Rules */,
				1D6119C472864907A0E1BEE2 /* /Users/sanchezp/Personal/CarND/CarND-Catch-Run-Away-Car-UKF/CMakeLists.txt */,
			);
			name = ALL_BUILD;
			sourceTree = "<group>";
		};
		967693CF8E9D4C6DB6331655 /* ZERO_CHECK */ = {
			isa = PBXGroup;
			children = (
				219425E60D48474A9B5E80C1 /* CMake Rules */,
				A0E99651E9C64CC598A82CA2 /* /Users/sanchezp/Personal/CarND/CarND-Catch-Run-Away-Car-UKF/CMakeLists.txt */,
			);
			name = ZERO_CHECK;
			sourceTree = "<group>";
		};
		9F645C1A0945408BB1AE6969 /* Source Files */ = {
			isa = PBXGroup;
			children = (
				D57EC1FFA2334D399311D613 /* /Users/sanchezp/Personal/CarND/CarND-Catch-Run-Away-Car-UKF/src/main.cpp */,
				44E70068B79447B3B363EFE6 /* /Users/sanchezp/Personal/CarND/CarND-Catch-Run-Away-Car-UKF/src/ukf.cpp */,
			);
			name = "Source Files";
			sourceTree = "<group>";
		};
		A349C85991CB45098B3F681E /* Products */ = {
			isa = PBXGroup;
			children = (
				E90E18A3A4A2468CBC4AB13E /* UnscentedKF */,
			);
			name = Products;
			sourceTree = "<group>";
		};
		EA1328E75A25483DAC8508F0 /* UnscentedKF */ = {
			isa = PBXGroup;
			children = (
				9F645C1A0945408BB1AE6969 /* Source Files */,
				6667904782844D5AAEAA4E45 /* /Users/sanchezp/Personal/CarND/CarND-Catch-Run-Away-Car-UKF/CMakeLists.txt */,
			);
			name = UnscentedKF;
			sourceTree = "<group>";
		};
		FE1682CBDE234C05A40CBE0B /* Resources */ = {
			isa = PBXGroup;
			children = (
			);
			name = Resources;
			sourceTree = "<group>";
		};
/* End PBXGroup section */

/* Begin PBXNativeTarget section */
		FBEB4E4A08B9498C9A004634 /* UnscentedKF */ = {
			isa = PBXNativeTarget;
			buildConfigurationList = E9A29E6643A54CA3A38C78F2 /* Build configuration list for PBXNativeTarget "UnscentedKF" */;
			buildPhases = (
				638918E740E04ABD9CBAB2C1 /* Sources */,
			);
			buildRules = (
			);
			dependencies = (
				06D67E8F135B447CB3068AF3 /* PBXTargetDependency */,
			);
			name = UnscentedKF;
			productName = UnscentedKF;
			productReference = E90E18A3A4A2468CBC4AB13E /* UnscentedKF */;
			productType = "com.apple.product-type.tool";
		};
/* End PBXNativeTarget section */

/* Begin PBXProject section */
		6B816108EE1D4E2C8DCA4106 /* Project object */ = {
			isa = PBXProject;
			attributes = {
				BuildIndependentTargetsInParallel = YES;
				LastUpgradeCheck = 0830;
			};
			buildConfigurationList = 96143D064C0543FCB933D862 /* Build configuration list for PBXProject "UnscentedKF" */;
			buildSettings = {
			};
			buildStyles = (
				ABDC0A834E354A1691B90091 /* Debug */,
				1C6F70E5B44F49AD91E8D141 /* Release */,
				B0E5563B716D4B6787BEBC7F /* MinSizeRel */,
				A8B2240F6E694BF2B1853773 /* RelWithDebInfo */,
			);
			compatibilityVersion = "Xcode 3.2";
			hasScannedForEncodings = 0;
			mainGroup = 45CF287617224164B5BE5FE3;
			projectDirPath = .;
			projectRoot = "";
			targets = (
				2D31D4FB4F3D4F4BB22BA5CD /* ALL_BUILD */,
				FBEB4E4A08B9498C9A004634 /* UnscentedKF */,
				5E57B8B9A69F4A47939F4CA7 /* ZERO_CHECK */,
			);
		};
/* End PBXProject section */

/* Begin PBXShellScriptBuildPhase section */
		20A6D4DCEE3C452E9165A155 = {
			isa = PBXShellScriptBuildPhase;
			buildActionMask = 2147483647;
			files = (
			);
			inputPaths = (
			);
			outputPaths = (
			);
			runOnlyForDeploymentPostprocessing = 0;
			shellPath = /bin/sh;
			shellScript = "# shell script goes here
exit 0";
			showEnvVarsInLog = 0;
		};
		A1F4D1085C78463FAA793B70 = {
			isa = PBXShellScriptBuildPhase;
			buildActionMask = 2147483647;
			files = (
			);
			inputPaths = (
			);
			outputPaths = (
			);
			runOnlyForDeploymentPostprocessing = 0;
			shellPath = /bin/sh;
			shellScript = "# shell script goes here
exit 0";
			showEnvVarsInLog = 0;
		};
		DB873114BB96493C8D6FDA79 /* CMake Rules */ = {
			isa = PBXShellScriptBuildPhase;
			buildActionMask = 2147483647;
			files = (
			);
			name = "CMake Rules";
			runOnlyForDeploymentPostprocessing = 0;
			shellPath = /bin/sh;
			shellScript = "make -C /Users/sanchezp/Personal/CarND/CarND-Catch-Run-Away-Car-UKF -f /Users/sanchezp/Personal/CarND/CarND-Catch-Run-Away-Car-UKF/CMakeScripts/ZERO_CHECK_cmakeRulesBuildPhase.make$CONFIGURATION all";
			showEnvVarsInLog = 0;
		};
		F85DA56663EE42FC895E3EA5 /* CMake Rules */ = {
			isa = PBXShellScriptBuildPhase;
			buildActionMask = 2147483647;
			files = (
			);
			name = "CMake Rules";
			runOnlyForDeploymentPostprocessing = 0;
			shellPath = /bin/sh;
			shellScript = "make -C /Users/sanchezp/Personal/CarND/CarND-Catch-Run-Away-Car-UKF -f /Users/sanchezp/Personal/CarND/CarND-Catch-Run-Away-Car-UKF/CMakeScripts/ALL_BUILD_cmakeRulesBuildPhase.make$CONFIGURATION all";
			showEnvVarsInLog = 0;
		};
/* End PBXShellScriptBuildPhase section */

/* Begin PBXSourcesBuildPhase section */
		638918E740E04ABD9CBAB2C1 /* Sources */ = {
			isa = PBXSourcesBuildPhase;
			buildActionMask = 2147483647;
			files = (
				5A07336D9D36406783AB29B6 /* /Users/sanchezp/Personal/CarND/CarND-Catch-Run-Away-Car-UKF/src/main.cpp */,
				2CCACF98704B43AA87015188 /* /Users/sanchezp/Personal/CarND/CarND-Catch-Run-Away-Car-UKF/src/ukf.cpp */,
			);
			runOnlyForDeploymentPostprocessing = 0;
		};
/* End PBXSourcesBuildPhase section */

/* Begin PBXTargetDependency section */
		06D67E8F135B447CB3068AF3 /* PBXTargetDependency */ = {
			isa = PBXTargetDependency;
			target = 5E57B8B9A69F4A47939F4CA7 /* ZERO_CHECK */;
			targetProxy = CEDADE12D3F045A9BBE79F3A /* PBXContainerItemProxy */;
		};
		71B86F70B6F6455EAC0B7EA6 /* PBXTargetDependency */ = {
			isa = PBXTargetDependency;
			target = 5E57B8B9A69F4A47939F4CA7 /* ZERO_CHECK */;
			targetProxy = 95A364FB6B2D4BA9B17DBFF6 /* PBXContainerItemProxy */;
		};
		BE9EE95C188D437380B960F2 /* PBXTargetDependency */ = {
			isa = PBXTargetDependency;
			target = FBEB4E4A08B9498C9A004634 /* UnscentedKF */;
			targetProxy = F5CEC02D9E084B42BDB63826 /* PBXContainerItemProxy */;
		};
/* End PBXTargetDependency section */

/* Begin XCBuildConfiguration section */
		03D65A96B46042368580B759 /* Debug */ = {
			isa = XCBuildConfiguration;
			buildSettings = {
				ONLY_ACTIVE_ARCH = YES;
				SDKROOT = /Applications/Xcode.app/Contents/Developer/Platforms/MacOSX.platform/Developer/SDKs/MacOSX10.12.sdk;
				SYMROOT = "/Users/sanchezp/Personal/CarND/CarND-Catch-Run-Away-Car-UKF/build";
			};
			name = Debug;
		};
		19525E9281AE4B528C134ACF /* RelWithDebInfo */ = {
			isa = XCBuildConfiguration;
			buildSettings = {
				COMBINE_HIDPI_IMAGES = YES;
				GCC_GENERATE_DEBUGGING_SYMBOLS = YES;
				GCC_INLINES_ARE_PRIVATE_EXTERN = NO;
				GCC_OPTIMIZATION_LEVEL = 0;
				GCC_PREPROCESSOR_DEFINITIONS = ("'CMAKE_INTDIR=\"$(CONFIGURATION)$(EFFECTIVE_PLATFORM_NAME)\"'");
				GCC_SYMBOLS_PRIVATE_EXTERN = NO;
				HEADER_SEARCH_PATHS = (/usr/local/include,/usr/local/opt/openssl/include);
				INSTALL_PATH = "";
				OTHER_LDFLAGS = " ";
				OTHER_REZFLAGS = "";
				PRODUCT_NAME = ZERO_CHECK;
				SECTORDER_FLAGS = "";
				SYMROOT = "/Users/sanchezp/Personal/CarND/CarND-Catch-Run-Away-Car-UKF";
				USE_HEADERMAP = NO;
				WARNING_CFLAGS = ("-Wmost","-Wno-four-char-constants","-Wno-unknown-pragmas","$(inherited)");
			};
			name = RelWithDebInfo;
		};
		20004E754EAC498792717039 /* MinSizeRel */ = {
			isa = XCBuildConfiguration;
			buildSettings = {
				ONLY_ACTIVE_ARCH = YES;
				SDKROOT = /Applications/Xcode.app/Contents/Developer/Platforms/MacOSX.platform/Developer/SDKs/MacOSX10.12.sdk;
				SYMROOT = "/Users/sanchezp/Personal/CarND/CarND-Catch-Run-Away-Car-UKF/build";
			};
			name = MinSizeRel;
		};
		26C1E413C36D447FB9FC5C7F /* RelWithDebInfo */ = {
			isa = XCBuildConfiguration;
			buildSettings = {
				COMBINE_HIDPI_IMAGES = YES;
				EXECUTABLE_PREFIX = "";
				EXECUTABLE_SUFFIX = "";
				GCC_GENERATE_DEBUGGING_SYMBOLS = YES;
				GCC_INLINES_ARE_PRIVATE_EXTERN = NO;
				GCC_OPTIMIZATION_LEVEL = 2;
				GCC_PREPROCESSOR_DEFINITIONS = ("'CMAKE_INTDIR=\"$(CONFIGURATION)$(EFFECTIVE_PLATFORM_NAME)\"'");
				GCC_SYMBOLS_PRIVATE_EXTERN = NO;
				HEADER_SEARCH_PATHS = (/usr/local/include,/usr/local/opt/openssl/include);
				INSTALL_PATH = "";
				LD_RUNPATH_SEARCH_PATHS = "/usr/local/lib /usr/local/opt/openssl/lib /usr/local/Cellar/libuv/1.11.0/lib";
				LIBRARY_SEARCH_PATHS = " /usr/local/lib/$(CONFIGURATION)$(EFFECTIVE_PLATFORM_NAME) /usr/local/lib /usr/local/opt/openssl/lib/$(CONFIGURATION)$(EFFECTIVE_PLATFORM_NAME) /usr/local/opt/openssl/lib /usr/local/Cellar/libuv/1.11.0/lib/$(CONFIGURATION)$(EFFECTIVE_PLATFORM_NAME) /usr/local/Cellar/libuv/1.11.0/lib";
				OTHER_CPLUSPLUSFLAGS = "       -DNDEBUG -I/usr/local/include -I/usr/local/opt/openssl/include    -std=c++11";
				OTHER_LDFLAGS = " -Wl,-search_paths_first -Wl,-headerpad_max_install_names  -lz -lssl -luv -luWS";
				OTHER_REZFLAGS = "";
				PRODUCT_NAME = UnscentedKF;
				SECTORDER_FLAGS = "";
				SYMROOT = "/Users/sanchezp/Personal/CarND/CarND-Catch-Run-Away-Car-UKF";
				USE_HEADERMAP = NO;
				WARNING_CFLAGS = ("-Wmost","-Wno-four-char-constants","-Wno-unknown-pragmas","$(inherited)");
			};
			name = RelWithDebInfo;
		};
		305CC09D679B4CEA99A59336 /* Debug */ = {
			isa = XCBuildConfiguration;
			buildSettings = {
				COMBINE_HIDPI_IMAGES = YES;
				EXECUTABLE_PREFIX = "";
				EXECUTABLE_SUFFIX = "";
				GCC_GENERATE_DEBUGGING_SYMBOLS = YES;
				GCC_INLINES_ARE_PRIVATE_EXTERN = NO;
				GCC_OPTIMIZATION_LEVEL = 0;
				GCC_PREPROCESSOR_DEFINITIONS = ("'CMAKE_INTDIR=\"$(CONFIGURATION)$(EFFECTIVE_PLATFORM_NAME)\"'");
				GCC_SYMBOLS_PRIVATE_EXTERN = NO;
				HEADER_SEARCH_PATHS = (/usr/local/include,/usr/local/opt/openssl/include);
				INSTALL_PATH = "";
				LD_RUNPATH_SEARCH_PATHS = "/usr/local/lib /usr/local/opt/openssl/lib /usr/local/Cellar/libuv/1.11.0/lib";
				LIBRARY_SEARCH_PATHS = " /usr/local/lib/$(CONFIGURATION)$(EFFECTIVE_PLATFORM_NAME) /usr/local/lib /usr/local/opt/openssl/lib/$(CONFIGURATION)$(EFFECTIVE_PLATFORM_NAME) /usr/local/opt/openssl/lib /usr/local/Cellar/libuv/1.11.0/lib/$(CONFIGURATION)$(EFFECTIVE_PLATFORM_NAME) /usr/local/Cellar/libuv/1.11.0/lib";
				OTHER_CPLUSPLUSFLAGS = "   -I/usr/local/include -I/usr/local/opt/openssl/include    -std=c++11";
				OTHER_LDFLAGS = " -Wl,-search_paths_first -Wl,-headerpad_max_install_names  -lz -lssl -luv -luWS";
				OTHER_REZFLAGS = "";
				PRODUCT_NAME = UnscentedKF;
				SECTORDER_FLAGS = "";
				SYMROOT = "/Users/sanchezp/Personal/CarND/CarND-Catch-Run-Away-Car-UKF";
				USE_HEADERMAP = NO;
				WARNING_CFLAGS = ("-Wmost","-Wno-four-char-constants","-Wno-unknown-pragmas","$(inherited)");
			};
			name = Debug;
		};
		4A0EF03A17A74EB9B0F096C4 /* MinSizeRel */ = {
			isa = XCBuildConfiguration;
			buildSettings = {
				COMBINE_HIDPI_IMAGES = YES;
				GCC_GENERATE_DEBUGGING_SYMBOLS = YES;
				GCC_INLINES_ARE_PRIVATE_EXTERN = NO;
				GCC_OPTIMIZATION_LEVEL = 0;
				GCC_PREPROCESSOR_DEFINITIONS = ("'CMAKE_INTDIR=\"$(CONFIGURATION)$(EFFECTIVE_PLATFORM_NAME)\"'");
				GCC_SYMBOLS_PRIVATE_EXTERN = NO;
				HEADER_SEARCH_PATHS = (/usr/local/include,/usr/local/opt/openssl/include);
				INSTALL_PATH = "";
				OTHER_LDFLAGS = " ";
				OTHER_REZFLAGS = "";
				PRODUCT_NAME = ALL_BUILD;
				SECTORDER_FLAGS = "";
				SYMROOT = "/Users/sanchezp/Personal/CarND/CarND-Catch-Run-Away-Car-UKF";
				USE_HEADERMAP = NO;
				WARNING_CFLAGS = ("-Wmost","-Wno-four-char-constants","-Wno-unknown-pragmas","$(inherited)");
			};
			name = MinSizeRel;
		};
		4BCD9C60320C488983F0608E /* RelWithDebInfo */ = {
			isa = XCBuildConfiguration;
			buildSettings = {
				ONLY_ACTIVE_ARCH = YES;
				SDKROOT = /Applications/Xcode.app/Contents/Developer/Platforms/MacOSX.platform/Developer/SDKs/MacOSX10.12.sdk;
				SYMROOT = "/Users/sanchezp/Personal/CarND/CarND-Catch-Run-Away-Car-UKF/build";
			};
			name = RelWithDebInfo;
		};
		577A3A3002634571B69EAB9C /* MinSizeRel */ = {
			isa = XCBuildConfiguration;
			buildSettings = {
				COMBINE_HIDPI_IMAGES = YES;
				GCC_GENERATE_DEBUGGING_SYMBOLS = YES;
				GCC_INLINES_ARE_PRIVATE_EXTERN = NO;
				GCC_OPTIMIZATION_LEVEL = 0;
				GCC_PREPROCESSOR_DEFINITIONS = ("'CMAKE_INTDIR=\"$(CONFIGURATION)$(EFFECTIVE_PLATFORM_NAME)\"'");
				GCC_SYMBOLS_PRIVATE_EXTERN = NO;
				HEADER_SEARCH_PATHS = (/usr/local/include,/usr/local/opt/openssl/include);
				INSTALL_PATH = "";
				OTHER_LDFLAGS = " ";
				OTHER_REZFLAGS = "";
				PRODUCT_NAME = ZERO_CHECK;
				SECTORDER_FLAGS = "";
				SYMROOT = "/Users/sanchezp/Personal/CarND/CarND-Catch-Run-Away-Car-UKF";
				USE_HEADERMAP = NO;
				WARNING_CFLAGS = ("-Wmost","-Wno-four-char-constants","-Wno-unknown-pragmas","$(inherited)");
			};
			name = MinSizeRel;
		};
		5F27F89A63DC48AAB35D2BA7 /* Debug */ = {
			isa = XCBuildConfiguration;
			buildSettings = {
				COMBINE_HIDPI_IMAGES = YES;
				GCC_GENERATE_DEBUGGING_SYMBOLS = YES;
				GCC_INLINES_ARE_PRIVATE_EXTERN = NO;
				GCC_OPTIMIZATION_LEVEL = 0;
				GCC_PREPROCESSOR_DEFINITIONS = ("'CMAKE_INTDIR=\"$(CONFIGURATION)$(EFFECTIVE_PLATFORM_NAME)\"'");
				GCC_SYMBOLS_PRIVATE_EXTERN = NO;
				HEADER_SEARCH_PATHS = (/usr/local/include,/usr/local/opt/openssl/include);
				INSTALL_PATH = "";
				OTHER_LDFLAGS = " ";
				OTHER_REZFLAGS = "";
				PRODUCT_NAME = ZERO_CHECK;
				SECTORDER_FLAGS = "";
				SYMROOT = "/Users/sanchezp/Personal/CarND/CarND-Catch-Run-Away-Car-UKF";
				USE_HEADERMAP = NO;
				WARNING_CFLAGS = ("-Wmost","-Wno-four-char-constants","-Wno-unknown-pragmas","$(inherited)");
			};
			name = Debug;
		};
		817AE38CB59E479A9CFE9ACC /* Debug */ = {
			isa = XCBuildConfiguration;
			buildSettings = {
				COMBINE_HIDPI_IMAGES = YES;
				GCC_GENERATE_DEBUGGING_SYMBOLS = YES;
				GCC_INLINES_ARE_PRIVATE_EXTERN = NO;
				GCC_OPTIMIZATION_LEVEL = 0;
				GCC_PREPROCESSOR_DEFINITIONS = ("'CMAKE_INTDIR=\"$(CONFIGURATION)$(EFFECTIVE_PLATFORM_NAME)\"'");
				GCC_SYMBOLS_PRIVATE_EXTERN = NO;
				HEADER_SEARCH_PATHS = (/usr/local/include,/usr/local/opt/openssl/include);
				INSTALL_PATH = "";
				OTHER_LDFLAGS = " ";
				OTHER_REZFLAGS = "";
				PRODUCT_NAME = ALL_BUILD;
				SECTORDER_FLAGS = "";
				SYMROOT = "/Users/sanchezp/Personal/CarND/CarND-Catch-Run-Away-Car-UKF";
				USE_HEADERMAP = NO;
				WARNING_CFLAGS = ("-Wmost","-Wno-four-char-constants","-Wno-unknown-pragmas","$(inherited)");
			};
			name = Debug;
		};
		A6F935C0BD324DC180FE0B3B /* Release */ = {
			isa = XCBuildConfiguration;
			buildSettings = {
				ONLY_ACTIVE_ARCH = YES;
				SDKROOT = /Applications/Xcode.app/Contents/Developer/Platforms/MacOSX.platform/Developer/SDKs/MacOSX10.12.sdk;
				SYMROOT = "/Users/sanchezp/Personal/CarND/CarND-Catch-Run-Away-Car-UKF/build";
			};
			name = Release;
		};
		A8900482F14A40A99B2986D4 /* MinSizeRel */ = {
			isa = XCBuildConfiguration;
			buildSettings = {
				COMBINE_HIDPI_IMAGES = YES;
				EXECUTABLE_PREFIX = "";
				EXECUTABLE_SUFFIX = "";
				GCC_GENERATE_DEBUGGING_SYMBOLS = NO;
				GCC_INLINES_ARE_PRIVATE_EXTERN = NO;
				GCC_OPTIMIZATION_LEVEL = s;
				GCC_PREPROCESSOR_DEFINITIONS = ("'CMAKE_INTDIR=\"$(CONFIGURATION)$(EFFECTIVE_PLATFORM_NAME)\"'");
				GCC_SYMBOLS_PRIVATE_EXTERN = NO;
				HEADER_SEARCH_PATHS = (/usr/local/include,/usr/local/opt/openssl/include);
				INSTALL_PATH = "";
				LD_RUNPATH_SEARCH_PATHS = "/usr/local/lib /usr/local/opt/openssl/lib /usr/local/Cellar/libuv/1.11.0/lib";
				LIBRARY_SEARCH_PATHS = " /usr/local/lib/$(CONFIGURATION)$(EFFECTIVE_PLATFORM_NAME) /usr/local/lib /usr/local/opt/openssl/lib/$(CONFIGURATION)$(EFFECTIVE_PLATFORM_NAME) /usr/local/opt/openssl/lib /usr/local/Cellar/libuv/1.11.0/lib/$(CONFIGURATION)$(EFFECTIVE_PLATFORM_NAME) /usr/local/Cellar/libuv/1.11.0/lib";
				OTHER_CPLUSPLUSFLAGS = "    -DNDEBUG -I/usr/local/include -I/usr/local/opt/openssl/include    -std=c++11";
				OTHER_LDFLAGS = " -Wl,-search_paths_first -Wl,-headerpad_max_install_names  -lz -lssl -luv -luWS";
				OTHER_REZFLAGS = "";
				PRODUCT_NAME = UnscentedKF;
				SECTORDER_FLAGS = "";
				SYMROOT = "/Users/sanchezp/Personal/CarND/CarND-Catch-Run-Away-Car-UKF";
				USE_HEADERMAP = NO;
				WARNING_CFLAGS = ("-Wmost","-Wno-four-char-constants","-Wno-unknown-pragmas","$(inherited)");
			};
			name = MinSizeRel;
		};
		B275EFCA338E4272B1AA8FBD /* Release */ = {
			isa = XCBuildConfiguration;
			buildSettings = {
				COMBINE_HIDPI_IMAGES = YES;
				GCC_GENERATE_DEBUGGING_SYMBOLS = YES;
				GCC_INLINES_ARE_PRIVATE_EXTERN = NO;
				GCC_OPTIMIZATION_LEVEL = 0;
				GCC_PREPROCESSOR_DEFINITIONS = ("'CMAKE_INTDIR=\"$(CONFIGURATION)$(EFFECTIVE_PLATFORM_NAME)\"'");
				GCC_SYMBOLS_PRIVATE_EXTERN = NO;
				HEADER_SEARCH_PATHS = (/usr/local/include,/usr/local/opt/openssl/include);
				INSTALL_PATH = "";
				OTHER_LDFLAGS = " ";
				OTHER_REZFLAGS = "";
				PRODUCT_NAME = ALL_BUILD;
				SECTORDER_FLAGS = "";
				SYMROOT = "/Users/sanchezp/Personal/CarND/CarND-Catch-Run-Away-Car-UKF";
				USE_HEADERMAP = NO;
				WARNING_CFLAGS = ("-Wmost","-Wno-four-char-constants","-Wno-unknown-pragmas","$(inherited)");
			};
			name = Release;
		};
		B97389641AE74D26B4F7ED3F /* Release */ = {
			isa = XCBuildConfiguration;
			buildSettings = {
				COMBINE_HIDPI_IMAGES = YES;
				EXECUTABLE_PREFIX = "";
				EXECUTABLE_SUFFIX = "";
				GCC_GENERATE_DEBUGGING_SYMBOLS = NO;
				GCC_INLINES_ARE_PRIVATE_EXTERN = NO;
				GCC_OPTIMIZATION_LEVEL = 3;
				GCC_PREPROCESSOR_DEFINITIONS = ("'CMAKE_INTDIR=\"$(CONFIGURATION)$(EFFECTIVE_PLATFORM_NAME)\"'");
				GCC_SYMBOLS_PRIVATE_EXTERN = NO;
				HEADER_SEARCH_PATHS = (/usr/local/include,/usr/local/opt/openssl/include);
				INSTALL_PATH = "";
				LD_RUNPATH_SEARCH_PATHS = "/usr/local/lib /usr/local/opt/openssl/lib /usr/local/Cellar/libuv/1.11.0/lib";
				LIBRARY_SEARCH_PATHS = " /usr/local/lib/$(CONFIGURATION)$(EFFECTIVE_PLATFORM_NAME) /usr/local/lib /usr/local/opt/openssl/lib/$(CONFIGURATION)$(EFFECTIVE_PLATFORM_NAME) /usr/local/opt/openssl/lib /usr/local/Cellar/libuv/1.11.0/lib/$(CONFIGURATION)$(EFFECTIVE_PLATFORM_NAME) /usr/local/Cellar/libuv/1.11.0/lib";
				OTHER_CPLUSPLUSFLAGS = "    -DNDEBUG -I/usr/local/include -I/usr/local/opt/openssl/include    -std=c++11";
				OTHER_LDFLAGS = " -Wl,-search_paths_first -Wl,-headerpad_max_install_names  -lz -lssl -luv -luWS";
				OTHER_REZFLAGS = "";
				PRODUCT_NAME = UnscentedKF;
				SECTORDER_FLAGS = "";
				SYMROOT = "/Users/sanchezp/Personal/CarND/CarND-Catch-Run-Away-Car-UKF";
				USE_HEADERMAP = NO;
				WARNING_CFLAGS = ("-Wmost","-Wno-four-char-constants","-Wno-unknown-pragmas","$(inherited)");
			};
			name = Release;
		};
		BE99E73E0A5E4AD9BC26DE1F /* Release */ = {
			isa = XCBuildConfiguration;
			buildSettings = {
				COMBINE_HIDPI_IMAGES = YES;
				GCC_GENERATE_DEBUGGING_SYMBOLS = YES;
				GCC_INLINES_ARE_PRIVATE_EXTERN = NO;
				GCC_OPTIMIZATION_LEVEL = 0;
				GCC_PREPROCESSOR_DEFINITIONS = ("'CMAKE_INTDIR=\"$(CONFIGURATION)$(EFFECTIVE_PLATFORM_NAME)\"'");
				GCC_SYMBOLS_PRIVATE_EXTERN = NO;
				HEADER_SEARCH_PATHS = (/usr/local/include,/usr/local/opt/openssl/include);
				INSTALL_PATH = "";
				OTHER_LDFLAGS = " ";
				OTHER_REZFLAGS = "";
				PRODUCT_NAME = ZERO_CHECK;
				SECTORDER_FLAGS = "";
				SYMROOT = "/Users/sanchezp/Personal/CarND/CarND-Catch-Run-Away-Car-UKF";
				USE_HEADERMAP = NO;
				WARNING_CFLAGS = ("-Wmost","-Wno-four-char-constants","-Wno-unknown-pragmas","$(inherited)");
			};
			name = Release;
		};
		EC5D874D96AE48E488E77BB1 /* RelWithDebInfo */ = {
			isa = XCBuildConfiguration;
			buildSettings = {
				COMBINE_HIDPI_IMAGES = YES;
				GCC_GENERATE_DEBUGGING_SYMBOLS = YES;
				GCC_INLINES_ARE_PRIVATE_EXTERN = NO;
				GCC_OPTIMIZATION_LEVEL = 0;
				GCC_PREPROCESSOR_DEFINITIONS = ("'CMAKE_INTDIR=\"$(CONFIGURATION)$(EFFECTIVE_PLATFORM_NAME)\"'");
				GCC_SYMBOLS_PRIVATE_EXTERN = NO;
				HEADER_SEARCH_PATHS = (/usr/local/include,/usr/local/opt/openssl/include);
				INSTALL_PATH = "";
				OTHER_LDFLAGS = " ";
				OTHER_REZFLAGS = "";
				PRODUCT_NAME = ALL_BUILD;
				SECTORDER_FLAGS = "";
				SYMROOT = "/Users/sanchezp/Personal/CarND/CarND-Catch-Run-Away-Car-UKF";
				USE_HEADERMAP = NO;
				WARNING_CFLAGS = ("-Wmost","-Wno-four-char-constants","-Wno-unknown-pragmas","$(inherited)");
			};
			name = RelWithDebInfo;
		};
/* End XCBuildConfiguration section */

/* Begin XCConfigurationList section */
		8A93C5C160134696A39A7898 /* Build configuration list for PBXAggregateTarget "ALL_BUILD" */ = {
			isa = XCConfigurationList;
			buildConfigurations = (
				817AE38CB59E479A9CFE9ACC /* Debug */,
				B275EFCA338E4272B1AA8FBD /* Release */,
				4A0EF03A17A74EB9B0F096C4 /* MinSizeRel */,
				EC5D874D96AE48E488E77BB1 /* RelWithDebInfo */,
			);
			defaultConfigurationIsVisible = 0;
			defaultConfigurationName = Debug;
		};
		96143D064C0543FCB933D862 /* Build configuration list for PBXProject "UnscentedKF" */ = {
			isa = XCConfigurationList;
			buildConfigurations = (
				03D65A96B46042368580B759 /* Debug */,
				A6F935C0BD324DC180FE0B3B /* Release */,
				20004E754EAC498792717039 /* MinSizeRel */,
				4BCD9C60320C488983F0608E /* RelWithDebInfo */,
			);
			defaultConfigurationIsVisible = 0;
			defaultConfigurationName = Debug;
		};
		D7905DD28640409FA4C019ED /* Build configuration list for PBXAggregateTarget "ZERO_CHECK" */ = {
			isa = XCConfigurationList;
			buildConfigurations = (
				5F27F89A63DC48AAB35D2BA7 /* Debug */,
				BE99E73E0A5E4AD9BC26DE1F /* Release */,
				577A3A3002634571B69EAB9C /* MinSizeRel */,
				19525E9281AE4B528C134ACF /* RelWithDebInfo */,
			);
			defaultConfigurationIsVisible = 0;
			defaultConfigurationName = Debug;
		};
		E9A29E6643A54CA3A38C78F2 /* Build configuration list for PBXNativeTarget "UnscentedKF" */ = {
			isa = XCConfigurationList;
			buildConfigurations = (
				305CC09D679B4CEA99A59336 /* Debug */,
				B97389641AE74D26B4F7ED3F /* Release */,
				A8900482F14A40A99B2986D4 /* MinSizeRel */,
				26C1E413C36D447FB9FC5C7F /* RelWithDebInfo */,
			);
			defaultConfigurationIsVisible = 0;
			defaultConfigurationName = Debug;
		};
/* End XCConfigurationList section */
	};
	rootObject = 6B816108EE1D4E2C8DCA4106 /* Project object */;
}
